// !$*UTF8*$!
{
	archiveVersion = 1;
	classes = {
	};
	objectVersion = 50;
	objects = {

/* Begin PBXBuildFile section */
		C7CE9ED4220F60060019B3D8 /* AppDelegate.swift in Sources */ = {isa = PBXBuildFile; fileRef = C7CE9ED3220F60060019B3D8 /* AppDelegate.swift */; };
		C7CE9ED6220F60060019B3D8 /* MainViewController.swift in Sources */ = {isa = PBXBuildFile; fileRef = C7CE9ED5220F60060019B3D8 /* MainViewController.swift */; };
		C7CE9ED9220F60060019B3D8 /* Main.storyboard in Resources */ = {isa = PBXBuildFile; fileRef = C7CE9ED7220F60060019B3D8 /* Main.storyboard */; };
		C7CE9EDB220F600B0019B3D8 /* Assets.xcassets in Resources */ = {isa = PBXBuildFile; fileRef = C7CE9EDA220F600B0019B3D8 /* Assets.xcassets */; };
		C7CE9EDE220F600B0019B3D8 /* LaunchScreen.storyboard in Resources */ = {isa = PBXBuildFile; fileRef = C7CE9EDC220F600B0019B3D8 /* LaunchScreen.storyboard */; };
		C7CE9EE8220F6F920019B3D8 /* QueueViewController.swift in Sources */ = {isa = PBXBuildFile; fileRef = C7CE9EE7220F6F920019B3D8 /* QueueViewController.swift */; };
		C7CE9EEB220F81600019B3D8 /* SpotifyiOS.framework in Frameworks */ = {isa = PBXBuildFile; fileRef = C7CE9EEA220F81600019B3D8 /* SpotifyiOS.framework */; };
/* End PBXBuildFile section */

/* Begin PBXFileReference section */
		C7CE9ED0220F60060019B3D8 /* QueueUp.app */ = {isa = PBXFileReference; explicitFileType = wrapper.application; includeInIndex = 0; path = QueueUp.app; sourceTree = BUILT_PRODUCTS_DIR; };
		C7CE9ED3220F60060019B3D8 /* AppDelegate.swift */ = {isa = PBXFileReference; lastKnownFileType = sourcecode.swift; path = AppDelegate.swift; sourceTree = "<group>"; };
		C7CE9ED5220F60060019B3D8 /* MainViewController.swift */ = {isa = PBXFileReference; lastKnownFileType = sourcecode.swift; path = MainViewController.swift; sourceTree = "<group>"; };
		C7CE9ED8220F60060019B3D8 /* Base */ = {isa = PBXFileReference; lastKnownFileType = file.storyboard; name = Base; path = Base.lproj/Main.storyboard; sourceTree = "<group>"; };
		C7CE9EDA220F600B0019B3D8 /* Assets.xcassets */ = {isa = PBXFileReference; lastKnownFileType = folder.assetcatalog; path = Assets.xcassets; sourceTree = "<group>"; };
		C7CE9EDD220F600B0019B3D8 /* Base */ = {isa = PBXFileReference; lastKnownFileType = file.storyboard; name = Base; path = Base.lproj/LaunchScreen.storyboard; sourceTree = "<group>"; };
		C7CE9EDF220F600B0019B3D8 /* Info.plist */ = {isa = PBXFileReference; lastKnownFileType = text.plist.xml; path = Info.plist; sourceTree = "<group>"; };
		C7CE9EE7220F6F920019B3D8 /* QueueViewController.swift */ = {isa = PBXFileReference; lastKnownFileType = sourcecode.swift; path = QueueViewController.swift; sourceTree = "<group>"; };
		C7CE9EEA220F81600019B3D8 /* SpotifyiOS.framework */ = {isa = PBXFileReference; lastKnownFileType = wrapper.framework; name = SpotifyiOS.framework; path = "../ios-sdk-1.0.1/SpotifyiOS.framework"; sourceTree = "<group>"; };
/* End PBXFileReference section */

/* Begin PBXFrameworksBuildPhase section */
		C7CE9ECD220F60060019B3D8 /* Frameworks */ = {
			isa = PBXFrameworksBuildPhase;
			buildActionMask = 2147483647;
			files = (
				C7CE9EEB220F81600019B3D8 /* SpotifyiOS.framework in Frameworks */,
			);
			runOnlyForDeploymentPostprocessing = 0;
		};
/* End PBXFrameworksBuildPhase section */

/* Begin PBXGroup section */
		C7CE9EC7220F60060019B3D8 = {
			isa = PBXGroup;
			children = (
				C7CE9ED2220F60060019B3D8 /* QueueUp */,
				C7CE9ED1220F60060019B3D8 /* Products */,
				C7CE9EE9220F81600019B3D8 /* Frameworks */,
			);
			sourceTree = "<group>";
		};
		C7CE9ED1220F60060019B3D8 /* Products */ = {
			isa = PBXGroup;
			children = (
				C7CE9ED0220F60060019B3D8 /* QueueUp.app */,
			);
			name = Products;
			sourceTree = "<group>";
		};
		C7CE9ED2220F60060019B3D8 /* QueueUp */ = {
			isa = PBXGroup;
			children = (
				C7CE9ED3220F60060019B3D8 /* AppDelegate.swift */,
				C7CE9ED5220F60060019B3D8 /* MainViewController.swift */,
				C7CE9EE7220F6F920019B3D8 /* QueueViewController.swift */,
				C7CE9ED7220F60060019B3D8 /* Main.storyboard */,
				C7CE9EDA220F600B0019B3D8 /* Assets.xcassets */,
				C7CE9EDC220F600B0019B3D8 /* LaunchScreen.storyboard */,
				C7CE9EDF220F600B0019B3D8 /* Info.plist */,
			);
			path = QueueUp;
			sourceTree = "<group>";
		};
		C7CE9EE9220F81600019B3D8 /* Frameworks */ = {
			isa = PBXGroup;
			children = (
				C7CE9EEA220F81600019B3D8 /* SpotifyiOS.framework */,
			);
			name = Frameworks;
			sourceTree = "<group>";
		};
/* End PBXGroup section */

/* Begin PBXNativeTarget section */
		C7CE9ECF220F60060019B3D8 /* QueueUp */ = {
			isa = PBXNativeTarget;
			buildConfigurationList = C7CE9EE2220F600B0019B3D8 /* Build configuration list for PBXNativeTarget "QueueUp" */;
			buildPhases = (
				C7CE9ECC220F60060019B3D8 /* Sources */,
				C7CE9ECD220F60060019B3D8 /* Frameworks */,
				C7CE9ECE220F60060019B3D8 /* Resources */,
			);
			buildRules = (
			);
			dependencies = (
			);
			name = QueueUp;
			productName = QueueUp;
			productReference = C7CE9ED0220F60060019B3D8 /* QueueUp.app */;
			productType = "com.apple.product-type.application";
		};
/* End PBXNativeTarget section */

/* Begin PBXProject section */
		C7CE9EC8220F60060019B3D8 /* Project object */ = {
			isa = PBXProject;
			attributes = {
				LastSwiftUpdateCheck = 1010;
				LastUpgradeCheck = 1010;
				ORGANIZATIONNAME = AMcLaren;
				TargetAttributes = {
					C7CE9ECF220F60060019B3D8 = {
						CreatedOnToolsVersion = 10.1;
					};
				};
			};
			buildConfigurationList = C7CE9ECB220F60060019B3D8 /* Build configuration list for PBXProject "QueueUp" */;
			compatibilityVersion = "Xcode 9.3";
			developmentRegion = en;
			hasScannedForEncodings = 0;
			knownRegions = (
				en,
				Base,
			);
			mainGroup = C7CE9EC7220F60060019B3D8;
			productRefGroup = C7CE9ED1220F60060019B3D8 /* Products */;
			projectDirPath = "";
			projectRoot = "";
			targets = (
				C7CE9ECF220F60060019B3D8 /* QueueUp */,
			);
		};
/* End PBXProject section */

/* Begin PBXResourcesBuildPhase section */
		C7CE9ECE220F60060019B3D8 /* Resources */ = {
			isa = PBXResourcesBuildPhase;
			buildActionMask = 2147483647;
			files = (
				C7CE9EDE220F600B0019B3D8 /* LaunchScreen.storyboard in Resources */,
				C7CE9EDB220F600B0019B3D8 /* Assets.xcassets in Resources */,
				C7CE9ED9220F60060019B3D8 /* Main.storyboard in Resources */,
			);
			runOnlyForDeploymentPostprocessing = 0;
		};
/* End PBXResourcesBuildPhase section */

/* Begin PBXSourcesBuildPhase section */
		C7CE9ECC220F60060019B3D8 /* Sources */ = {
			isa = PBXSourcesBuildPhase;
			buildActionMask = 2147483647;
			files = (
				C7CE9ED6220F60060019B3D8 /* MainViewController.swift in Sources */,
				C7CE9ED4220F60060019B3D8 /* AppDelegate.swift in Sources */,
				C7CE9EE8220F6F920019B3D8 /* QueueViewController.swift in Sources */,
			);
			runOnlyForDeploymentPostprocessing = 0;
		};
/* End PBXSourcesBuildPhase section */

/* Begin PBXVariantGroup section */
		C7CE9ED7220F60060019B3D8 /* Main.storyboard */ = {
			isa = PBXVariantGroup;
			children = (
				C7CE9ED8220F60060019B3D8 /* Base */,
			);
			name = Main.storyboard;
			sourceTree = "<group>";
		};
		C7CE9EDC220F600B0019B3D8 /* LaunchScreen.storyboard */ = {
			isa = PBXVariantGroup;
			children = (
				C7CE9EDD220F600B0019B3D8 /* Base */,
			);
			name = LaunchScreen.storyboard;
			sourceTree = "<group>";
		};
/* End PBXVariantGroup section */

/* Begin XCBuildConfiguration section */
		C7CE9EE0220F600B0019B3D8 /* Debug */ = {
			isa = XCBuildConfiguration;
			buildSettings = {
				ALWAYS_SEARCH_USER_PATHS = NO;
				CLANG_ANALYZER_NONNULL = YES;
				CLANG_ANALYZER_NUMBER_OBJECT_CONVERSION = YES_AGGRESSIVE;
				CLANG_CXX_LANGUAGE_STANDARD = "gnu++14";
				CLANG_CXX_LIBRARY = "libc++";
				CLANG_ENABLE_MODULES = YES;
				CLANG_ENABLE_OBJC_ARC = YES;
				CLANG_ENABLE_OBJC_WEAK = YES;
				CLANG_WARN_BLOCK_CAPTURE_AUTORELEASING = YES;
				CLANG_WARN_BOOL_CONVERSION = YES;
				CLANG_WARN_COMMA = YES;
				CLANG_WARN_CONSTANT_CONVERSION = YES;
				CLANG_WARN_DEPRECATED_OBJC_IMPLEMENTATIONS = YES;
				CLANG_WARN_DIRECT_OBJC_ISA_USAGE = YES_ERROR;
				CLANG_WARN_DOCUMENTATION_COMMENTS = YES;
				CLANG_WARN_EMPTY_BODY = YES;
				CLANG_WARN_ENUM_CONVERSION = YES;
				CLANG_WARN_INFINITE_RECURSION = YES;
				CLANG_WARN_INT_CONVERSION = YES;
				CLANG_WARN_NON_LITERAL_NULL_CONVERSION = YES;
				CLANG_WARN_OBJC_IMPLICIT_RETAIN_SELF = YES;
				CLANG_WARN_OBJC_LITERAL_CONVERSION = YES;
				CLANG_WARN_OBJC_ROOT_CLASS = YES_ERROR;
				CLANG_WARN_RANGE_LOOP_ANALYSIS = YES;
				CLANG_WARN_STRICT_PROTOTYPES = YES;
				CLANG_WARN_SUSPICIOUS_MOVE = YES;
				CLANG_WARN_UNGUARDED_AVAILABILITY = YES_AGGRESSIVE;
				CLANG_WARN_UNREACHABLE_CODE = YES;
				CLANG_WARN__DUPLICATE_METHOD_MATCH = YES;
				CODE_SIGN_IDENTITY = "iPhone Developer";
				COPY_PHASE_STRIP = NO;
				DEBUG_INFORMATION_FORMAT = dwarf;
				ENABLE_STRICT_OBJC_MSGSEND = YES;
				ENABLE_TESTABILITY = YES;
				GCC_C_LANGUAGE_STANDARD = gnu11;
				GCC_DYNAMIC_NO_PIC = NO;
				GCC_NO_COMMON_BLOCKS = YES;
				GCC_OPTIMIZATION_LEVEL = 0;
				GCC_PREPROCESSOR_DEFINITIONS = (
					"DEBUG=1",
					"$(inherited)",
				);
				GCC_WARN_64_TO_32_BIT_CONVERSION = YES;
				GCC_WARN_ABOUT_RETURN_TYPE = YES_ERROR;
				GCC_WARN_UNDECLARED_SELECTOR = YES;
				GCC_WARN_UNINITIALIZED_AUTOS = YES_AGGRESSIVE;
				GCC_WARN_UNUSED_FUNCTION = YES;
				GCC_WARN_UNUSED_VARIABLE = YES;
				IPHONEOS_DEPLOYMENT_TARGET = 12.1;
				MTL_ENABLE_DEBUG_INFO = INCLUDE_SOURCE;
				MTL_FAST_MATH = YES;
				ONLY_ACTIVE_ARCH = YES;
				SDKROOT = iphoneos;
				SWIFT_ACTIVE_COMPILATION_CONDITIONS = DEBUG;
				SWIFT_OPTIMIZATION_LEVEL = "-Onone";
			};
			name = Debug;
		};
		C7CE9EE1220F600B0019B3D8 /* Release */ = {
			isa = XCBuildConfiguration;
			buildSettings = {
				ALWAYS_SEARCH_USER_PATHS = NO;
				CLANG_ANALYZER_NONNULL = YES;
				CLANG_ANALYZER_NUMBER_OBJECT_CONVERSION = YES_AGGRESSIVE;
				CLANG_CXX_LANGUAGE_STANDARD = "gnu++14";
				CLANG_CXX_LIBRARY = "libc++";
				CLANG_ENABLE_MODULES = YES;
				CLANG_ENABLE_OBJC_ARC = YES;
				CLANG_ENABLE_OBJC_WEAK = YES;
				CLANG_WARN_BLOCK_CAPTURE_AUTORELEASING = YES;
				CLANG_WARN_BOOL_CONVERSION = YES;
				CLANG_WARN_COMMA = YES;
				CLANG_WARN_CONSTANT_CONVERSION = YES;
				CLANG_WARN_DEPRECATED_OBJC_IMPLEMENTATIONS = YES;
				CLANG_WARN_DIRECT_OBJC_ISA_USAGE = YES_ERROR;
				CLANG_WARN_DOCUMENTATION_COMMENTS = YES;
				CLANG_WARN_EMPTY_BODY = YES;
				CLANG_WARN_ENUM_CONVERSION = YES;
				CLANG_WARN_INFINITE_RECURSION = YES;
				CLANG_WARN_INT_CONVERSION = YES;
				CLANG_WARN_NON_LITERAL_NULL_CONVERSION = YES;
				CLANG_WARN_OBJC_IMPLICIT_RETAIN_SELF = YES;
				CLANG_WARN_OBJC_LITERAL_CONVERSION = YES;
				CLANG_WARN_OBJC_ROOT_CLASS = YES_ERROR;
				CLANG_WARN_RANGE_LOOP_ANALYSIS = YES;
				CLANG_WARN_STRICT_PROTOTYPES = YES;
				CLANG_WARN_SUSPICIOUS_MOVE = YES;
				CLANG_WARN_UNGUARDED_AVAILABILITY = YES_AGGRESSIVE;
				CLANG_WARN_UNREACHABLE_CODE = YES;
				CLANG_WARN__DUPLICATE_METHOD_MATCH = YES;
				CODE_SIGN_IDENTITY = "iPhone Developer";
				COPY_PHASE_STRIP = NO;
				DEBUG_INFORMATION_FORMAT = "dwarf-with-dsym";
				ENABLE_NS_ASSERTIONS = NO;
				ENABLE_STRICT_OBJC_MSGSEND = YES;
				GCC_C_LANGUAGE_STANDARD = gnu11;
				GCC_NO_COMMON_BLOCKS = YES;
				GCC_WARN_64_TO_32_BIT_CONVERSION = YES;
				GCC_WARN_ABOUT_RETURN_TYPE = YES_ERROR;
				GCC_WARN_UNDECLARED_SELECTOR = YES;
				GCC_WARN_UNINITIALIZED_AUTOS = YES_AGGRESSIVE;
				GCC_WARN_UNUSED_FUNCTION = YES;
				GCC_WARN_UNUSED_VARIABLE = YES;
				IPHONEOS_DEPLOYMENT_TARGET = 12.1;
				MTL_ENABLE_DEBUG_INFO = NO;
				MTL_FAST_MATH = YES;
				SDKROOT = iphoneos;
				SWIFT_COMPILATION_MODE = wholemodule;
				SWIFT_OPTIMIZATION_LEVEL = "-O";
				VALIDATE_PRODUCT = YES;
			};
			name = Release;
		};
		C7CE9EE3220F600B0019B3D8 /* Debug */ = {
			isa = XCBuildConfiguration;
			buildSettings = {
				ASSETCATALOG_COMPILER_APPICON_NAME = AppIcon;
				CODE_SIGN_STYLE = Automatic;
				DEVELOPMENT_TEAM = J53QSVBG56;
				INFOPLIST_FILE = QueueUp/Info.plist;
				LD_RUNPATH_SEARCH_PATHS = (
					"$(inherited)",
					"@executable_path/Frameworks",
				);
				PRODUCT_BUNDLE_IDENTIFIER = com.AMcLaren.QueueUp;
				PRODUCT_NAME = "$(TARGET_NAME)";
				SWIFT_VERSION = 4.2;
				TARGETED_DEVICE_FAMILY = "1,2";
			};
			name = Debug;
		};
		C7CE9EE4220F600B0019B3D8 /* Release */ = {
			isa = XCBuildConfiguration;
			buildSettings = {
				ASSETCATALOG_COMPILER_APPICON_NAME = AppIcon;
				CODE_SIGN_STYLE = Automatic;
				DEVELOPMENT_TEAM = J53QSVBG56;
				INFOPLIST_FILE = QueueUp/Info.plist;
				LD_RUNPATH_SEARCH_PATHS = (
					"$(inherited)",
					"@executable_path/Frameworks",
				);
				PRODUCT_BUNDLE_IDENTIFIER = com.AMcLaren.QueueUp;
				PRODUCT_NAME = "$(TARGET_NAME)";
				SWIFT_VERSION = 4.2;
				TARGETED_DEVICE_FAMILY = "1,2";
			};
			name = Release;
		};
/* End XCBuildConfiguration section */

/* Begin XCConfigurationList section */
		C7CE9ECB220F60060019B3D8 /* Build configuration list for PBXProject "QueueUp" */ = {
			isa = XCConfigurationList;
			buildConfigurations = (
				C7CE9EE0220F600B0019B3D8 /* Debug */,
				C7CE9EE1220F600B0019B3D8 /* Release */,
			);
			defaultConfigurationIsVisible = 0;
			defaultConfigurationName = Release;
		};
		C7CE9EE2220F600B0019B3D8 /* Build configuration list for PBXNativeTarget "QueueUp" */ = {
			isa = XCConfigurationList;
			buildConfigurations = (
				C7CE9EE3220F600B0019B3D8 /* Debug */,
				C7CE9EE4220F600B0019B3D8 /* Release */,
			);
			defaultConfigurationIsVisible = 0;
			defaultConfigurationName = Release;
		};
/* End XCConfigurationList section */
	};
	rootObject = C7CE9EC8220F60060019B3D8 /* Project object */;
}
